
Microsoft Visual Studio Solution File, Format Version 12.00
# Visual Studio 15
VisualStudioVersion = 15.0.27703.2018
MinimumVisualStudioVersion = 10.0.40219.1
Project("{FAE04EC0-301F-11D3-BF4B-00C04F79EFBC}") = "Test", "Test\Test.csproj", "{1759A636-E89C-4398-8517-8F8FEFB601B3}"
EndProject
Global
	GlobalSection(SolutionConfigurationPlatforms) = preSolution
		Debug|Any CPU = Debug|Any CPU
		Release|Any CPU = Release|Any CPU
	EndGlobalSection
	GlobalSection(ProjectConfigurationPlatforms) = postSolution
		{1759A636-E89C-4398-8517-8F8FEFB601B3}.Debug|Any CPU.ActiveCfg = Debug|Any CPU
		{1759A636-E89C-4398-8517-8F8FEFB601B3}.Debug|Any CPU.Build.0 = Debug|Any CPU
		{1759A636-E89C-4398-8517-8F8FEFB601B3}.Release|Any CPU.ActiveCfg = Release|Any CPU
		{1759A636-E89C-4398-8517-8F8FEFB601B3}.Release|Any CPU.Build.0 = Release|Any CPU
	EndGlobalSection
	GlobalSection(SolutionProperties) = preSolution
		HideSolutionNode = FALSE
	EndGlobalSection
	GlobalSection(ExtensibilityGlobals) = postSolution
		SolutionGuid = {472BF4C9-46CB-4E14-8345-3C911C9873D0}
	EndGlobalSection
EndGlobal
